// !$*UTF8*$!
{
	archiveVersion = 1;
	classes = {
	};
	objectVersion = 46;
	objects = {

/* Begin PBXBuildFile section */
		226B90D91EB90111003E90A9 /* playsoundsviewcontroller+audio.swift in Sources */ = {isa = PBXBuildFile; fileRef = 226B90D81EB90111003E90A9 /* playsoundsviewcontroller+audio.swift */; };
		226E1C7C1EB2569900C9DBA1 /* AppDelegate.swift in Sources */ = {isa = PBXBuildFile; fileRef = 226E1C7B1EB2569900C9DBA1 /* AppDelegate.swift */; };
		226E1C7E1EB2569900C9DBA1 /* RecordSoundsViewController.swift in Sources */ = {isa = PBXBuildFile; fileRef = 226E1C7D1EB2569900C9DBA1 /* RecordSoundsViewController.swift */; };
		226E1C811EB2569900C9DBA1 /* Main.storyboard in Resources */ = {isa = PBXBuildFile; fileRef = 226E1C7F1EB2569900C9DBA1 /* Main.storyboard */; };
		226E1C831EB2569900C9DBA1 /* Assets.xcassets in Resources */ = {isa = PBXBuildFile; fileRef = 226E1C821EB2569900C9DBA1 /* Assets.xcassets */; };
		226E1C861EB2569900C9DBA1 /* LaunchScreen.storyboard in Resources */ = {isa = PBXBuildFile; fileRef = 226E1C841EB2569900C9DBA1 /* LaunchScreen.storyboard */; };
		226E1C911EB2569A00C9DBA1 /* playTests.swift in Sources */ = {isa = PBXBuildFile; fileRef = 226E1C901EB2569A00C9DBA1 /* playTests.swift */; };
		226E1C9C1EB2569A00C9DBA1 /* playUITests.swift in Sources */ = {isa = PBXBuildFile; fileRef = 226E1C9B1EB2569A00C9DBA1 /* playUITests.swift */; };
		226E1CAC1EB29EB100C9DBA1 /* PlaySoundsViewController.swift in Sources */ = {isa = PBXBuildFile; fileRef = 226E1CAB1EB29EB100C9DBA1 /* PlaySoundsViewController.swift */; };
/* End PBXBuildFile section */

/* Begin PBXContainerItemProxy section */
		226E1C8D1EB2569A00C9DBA1 /* PBXContainerItemProxy */ = {
			isa = PBXContainerItemProxy;
			containerPortal = 226E1C701EB2569900C9DBA1 /* Project object */;
			proxyType = 1;
			remoteGlobalIDString = 226E1C771EB2569900C9DBA1;
			remoteInfo = play;
		};
		226E1C981EB2569A00C9DBA1 /* PBXContainerItemProxy */ = {
			isa = PBXContainerItemProxy;
			containerPortal = 226E1C701EB2569900C9DBA1 /* Project object */;
			proxyType = 1;
			remoteGlobalIDString = 226E1C771EB2569900C9DBA1;
			remoteInfo = play;
		};
/* End PBXContainerItemProxy section */

/* Begin PBXFileReference section */
		226B90D81EB90111003E90A9 /* playsoundsviewcontroller+audio.swift */ = {isa = PBXFileReference; fileEncoding = 4; lastKnownFileType = sourcecode.swift; path = "playsoundsviewcontroller+audio.swift"; sourceTree = "<group>"; };
		226E1C781EB2569900C9DBA1 /* play.app */ = {isa = PBXFileReference; explicitFileType = wrapper.application; includeInIndex = 0; path = play.app; sourceTree = BUILT_PRODUCTS_DIR; };
		226E1C7B1EB2569900C9DBA1 /* AppDelegate.swift */ = {isa = PBXFileReference; lastKnownFileType = sourcecode.swift; path = AppDelegate.swift; sourceTree = "<group>"; };
		226E1C7D1EB2569900C9DBA1 /* RecordSoundsViewController.swift */ = {isa = PBXFileReference; lastKnownFileType = sourcecode.swift; path = RecordSoundsViewController.swift; sourceTree = "<group>"; };
		226E1C801EB2569900C9DBA1 /* Base */ = {isa = PBXFileReference; lastKnownFileType = file.storyboard; name = Base; path = Base.lproj/Main.storyboard; sourceTree = "<group>"; };
		226E1C821EB2569900C9DBA1 /* Assets.xcassets */ = {isa = PBXFileReference; lastKnownFileType = folder.assetcatalog; path = Assets.xcassets; sourceTree = "<group>"; };
		226E1C851EB2569900C9DBA1 /* Base */ = {isa = PBXFileReference; lastKnownFileType = file.storyboard; name = Base; path = Base.lproj/LaunchScreen.storyboard; sourceTree = "<group>"; };
		226E1C871EB2569900C9DBA1 /* Info.plist */ = {isa = PBXFileReference; lastKnownFileType = text.plist.xml; path = Info.plist; sourceTree = "<group>"; };
		226E1C8C1EB2569A00C9DBA1 /* playTests.xctest */ = {isa = PBXFileReference; explicitFileType = wrapper.cfbundle; includeInIndex = 0; path = playTests.xctest; sourceTree = BUILT_PRODUCTS_DIR; };
		226E1C901EB2569A00C9DBA1 /* playTests.swift */ = {isa = PBXFileReference; lastKnownFileType = sourcecode.swift; path = playTests.swift; sourceTree = "<group>"; };
		226E1C921EB2569A00C9DBA1 /* Info.plist */ = {isa = PBXFileReference; lastKnownFileType = text.plist.xml; path = Info.plist; sourceTree = "<group>"; };
		226E1C971EB2569A00C9DBA1 /* playUITests.xctest */ = {isa = PBXFileReference; explicitFileType = wrapper.cfbundle; includeInIndex = 0; path = playUITests.xctest; sourceTree = BUILT_PRODUCTS_DIR; };
		226E1C9B1EB2569A00C9DBA1 /* playUITests.swift */ = {isa = PBXFileReference; lastKnownFileType = sourcecode.swift; path = playUITests.swift; sourceTree = "<group>"; };
		226E1C9D1EB2569A00C9DBA1 /* Info.plist */ = {isa = PBXFileReference; lastKnownFileType = text.plist.xml; path = Info.plist; sourceTree = "<group>"; };
		226E1CAB1EB29EB100C9DBA1 /* PlaySoundsViewController.swift */ = {isa = PBXFileReference; fileEncoding = 4; lastKnownFileType = sourcecode.swift; path = PlaySoundsViewController.swift; sourceTree = "<group>"; };
/* End PBXFileReference section */

/* Begin PBXFrameworksBuildPhase section */
		226E1C751EB2569900C9DBA1 /* Frameworks */ = {
			isa = PBXFrameworksBuildPhase;
			buildActionMask = 2147483647;
			files = (
			);
			runOnlyForDeploymentPostprocessing = 0;
		};
		226E1C891EB2569A00C9DBA1 /* Frameworks */ = {
			isa = PBXFrameworksBuildPhase;
			buildActionMask = 2147483647;
			files = (
			);
			runOnlyForDeploymentPostprocessing = 0;
		};
		226E1C941EB2569A00C9DBA1 /* Frameworks */ = {
			isa = PBXFrameworksBuildPhase;
			buildActionMask = 2147483647;
			files = (
			);
			runOnlyForDeploymentPostprocessing = 0;
		};
/* End PBXFrameworksBuildPhase section */

/* Begin PBXGroup section */
		226E1C6F1EB2569900C9DBA1 = {
			isa = PBXGroup;
			children = (
				226E1C7A1EB2569900C9DBA1 /* play */,
				226E1C8F1EB2569A00C9DBA1 /* playTests */,
				226E1C9A1EB2569A00C9DBA1 /* playUITests */,
				226E1C791EB2569900C9DBA1 /* Products */,
			);
			sourceTree = "<group>";
		};
		226E1C791EB2569900C9DBA1 /* Products */ = {
			isa = PBXGroup;
			children = (
				226E1C781EB2569900C9DBA1 /* play.app */,
				226E1C8C1EB2569A00C9DBA1 /* playTests.xctest */,
				226E1C971EB2569A00C9DBA1 /* playUITests.xctest */,
			);
			name = Products;
			sourceTree = "<group>";
		};
		226E1C7A1EB2569900C9DBA1 /* play */ = {
			isa = PBXGroup;
			children = (
				226E1C7B1EB2569900C9DBA1 /* AppDelegate.swift */,
				226E1C7D1EB2569900C9DBA1 /* RecordSoundsViewController.swift */,
				226E1C7F1EB2569900C9DBA1 /* Main.storyboard */,
				226E1C821EB2569900C9DBA1 /* Assets.xcassets */,
				226E1C841EB2569900C9DBA1 /* LaunchScreen.storyboard */,
				226E1C871EB2569900C9DBA1 /* Info.plist */,
				226E1CAB1EB29EB100C9DBA1 /* PlaySoundsViewController.swift */,
				226B90D81EB90111003E90A9 /* playsoundsviewcontroller+audio.swift */,
			);
			path = play;
			sourceTree = "<group>";
		};
		226E1C8F1EB2569A00C9DBA1 /* playTests */ = {
			isa = PBXGroup;
			children = (
				226E1C901EB2569A00C9DBA1 /* playTests.swift */,
				226E1C921EB2569A00C9DBA1 /* Info.plist */,
			);
			path = playTests;
			sourceTree = "<group>";
		};
		226E1C9A1EB2569A00C9DBA1 /* playUITests */ = {
			isa = PBXGroup;
			children = (
				226E1C9B1EB2569A00C9DBA1 /* playUITests.swift */,
				226E1C9D1EB2569A00C9DBA1 /* Info.plist */,
			);
			path = playUITests;
			sourceTree = "<group>";
		};
/* End PBXGroup section */

/* Begin PBXNativeTarget section */
		226E1C771EB2569900C9DBA1 /* play */ = {
			isa = PBXNativeTarget;
			buildConfigurationList = 226E1CA01EB2569A00C9DBA1 /* Build configuration list for PBXNativeTarget "play" */;
			buildPhases = (
				226E1C741EB2569900C9DBA1 /* Sources */,
				226E1C751EB2569900C9DBA1 /* Frameworks */,
				226E1C761EB2569900C9DBA1 /* Resources */,
			);
			buildRules = (
			);
			dependencies = (
			);
			name = play;
			productName = play;
			productReference = 226E1C781EB2569900C9DBA1 /* play.app */;
			productType = "com.apple.product-type.application";
		};
		226E1C8B1EB2569A00C9DBA1 /* playTests */ = {
			isa = PBXNativeTarget;
			buildConfigurationList = 226E1CA31EB2569A00C9DBA1 /* Build configuration list for PBXNativeTarget "playTests" */;
			buildPhases = (
				226E1C881EB2569A00C9DBA1 /* Sources */,
				226E1C891EB2569A00C9DBA1 /* Frameworks */,
				226E1C8A1EB2569A00C9DBA1 /* Resources */,
			);
			buildRules = (
			);
			dependencies = (
				226E1C8E1EB2569A00C9DBA1 /* PBXTargetDependency */,
			);
			name = playTests;
			productName = playTests;
			productReference = 226E1C8C1EB2569A00C9DBA1 /* playTests.xctest */;
			productType = "com.apple.product-type.bundle.unit-test";
		};
		226E1C961EB2569A00C9DBA1 /* playUITests */ = {
			isa = PBXNativeTarget;
			buildConfigurationList = 226E1CA61EB2569A00C9DBA1 /* Build configuration list for PBXNativeTarget "playUITests" */;
			buildPhases = (
				226E1C931EB2569A00C9DBA1 /* Sources */,
				226E1C941EB2569A00C9DBA1 /* Frameworks */,
				226E1C951EB2569A00C9DBA1 /* Resources */,
			);
			buildRules = (
			);
			dependencies = (
				226E1C991EB2569A00C9DBA1 /* PBXTargetDependency */,
			);
			name = playUITests;
			productName = playUITests;
			productReference = 226E1C971EB2569A00C9DBA1 /* playUITests.xctest */;
			productType = "com.apple.product-type.bundle.ui-testing";
		};
/* End PBXNativeTarget section */

/* Begin PBXProject section */
		226E1C701EB2569900C9DBA1 /* Project object */ = {
			isa = PBXProject;
			attributes = {
				LastSwiftUpdateCheck = 0800;
				LastUpgradeCheck = 0800;
				ORGANIZATIONNAME = "Sam Hammer";
				TargetAttributes = {
					226E1C771EB2569900C9DBA1 = {
						CreatedOnToolsVersion = 8.0;
						DevelopmentTeam = 2746ZMZ2QA;
						ProvisioningStyle = Automatic;
					};
					226E1C8B1EB2569A00C9DBA1 = {
						CreatedOnToolsVersion = 8.0;
						DevelopmentTeam = 2746ZMZ2QA;
						ProvisioningStyle = Automatic;
						TestTargetID = 226E1C771EB2569900C9DBA1;
					};
					226E1C961EB2569A00C9DBA1 = {
						CreatedOnToolsVersion = 8.0;
						DevelopmentTeam = 2746ZMZ2QA;
						ProvisioningStyle = Automatic;
						TestTargetID = 226E1C771EB2569900C9DBA1;
					};
				};
			};
			buildConfigurationList = 226E1C731EB2569900C9DBA1 /* Build configuration list for PBXProject "play" */;
			compatibilityVersion = "Xcode 3.2";
			developmentRegion = English;
			hasScannedForEncodings = 0;
			knownRegions = (
				en,
				Base,
			);
			mainGroup = 226E1C6F1EB2569900C9DBA1;
			productRefGroup = 226E1C791EB2569900C9DBA1 /* Products */;
			projectDirPath = "";
			projectRoot = "";
			targets = (
				226E1C771EB2569900C9DBA1 /* play */,
				226E1C8B1EB2569A00C9DBA1 /* playTests */,
				226E1C961EB2569A00C9DBA1 /* playUITests */,
			);
		};
/* End PBXProject section */

/* Begin PBXResourcesBuildPhase section */
		226E1C761EB2569900C9DBA1 /* Resources */ = {
			isa = PBXResourcesBuildPhase;
			buildActionMask = 2147483647;
			files = (
				226E1C861EB2569900C9DBA1 /* LaunchScreen.storyboard in Resources */,
				226E1C831EB2569900C9DBA1 /* Assets.xcassets in Resources */,
				226E1C811EB2569900C9DBA1 /* Main.storyboard in Resources */,
			);
			runOnlyForDeploymentPostprocessing = 0;
		};
		226E1C8A1EB2569A00C9DBA1 /* Resources */ = {
			isa = PBXResourcesBuildPhase;
			buildActionMask = 2147483647;
			files = (
			);
			runOnlyForDeploymentPostprocessing = 0;
		};
		226E1C951EB2569A00C9DBA1 /* Resources */ = {
			isa = PBXResourcesBuildPhase;
			buildActionMask = 2147483647;
			files = (
			);
			runOnlyForDeploymentPostprocessing = 0;
		};
/* End PBXResourcesBuildPhase section */

/* Begin PBXSourcesBuildPhase section */
		226E1C741EB2569900C9DBA1 /* Sources */ = {
			isa = PBXSourcesBuildPhase;
			buildActionMask = 2147483647;
			files = (
				226E1C7E1EB2569900C9DBA1 /* RecordSoundsViewController.swift in Sources */,
				226B90D91EB90111003E90A9 /* playsoundsviewcontroller+audio.swift in Sources */,
				226E1CAC1EB29EB100C9DBA1 /* PlaySoundsViewController.swift in Sources */,
				226E1C7C1EB2569900C9DBA1 /* AppDelegate.swift in Sources */,
			);
			runOnlyForDeploymentPostprocessing = 0;
		};
		226E1C881EB2569A00C9DBA1 /* Sources */ = {
			isa = PBXSourcesBuildPhase;
			buildActionMask = 2147483647;
			files = (
				226E1C911EB2569A00C9DBA1 /* playTests.swift in Sources */,
			);
			runOnlyForDeploymentPostprocessing = 0;
		};
		226E1C931EB2569A00C9DBA1 /* Sources */ = {
			isa = PBXSourcesBuildPhase;
			buildActionMask = 2147483647;
			files = (
				226E1C9C1EB2569A00C9DBA1 /* playUITests.swift in Sources */,
			);
			runOnlyForDeploymentPostprocessing = 0;
		};
/* End PBXSourcesBuildPhase section */

/* Begin PBXTargetDependency section */
		226E1C8E1EB2569A00C9DBA1 /* PBXTargetDependency */ = {
			isa = PBXTargetDependency;
			target = 226E1C771EB2569900C9DBA1 /* play */;
			targetProxy = 226E1C8D1EB2569A00C9DBA1 /* PBXContainerItemProxy */;
		};
		226E1C991EB2569A00C9DBA1 /* PBXTargetDependency */ = {
			isa = PBXTargetDependency;
			target = 226E1C771EB2569900C9DBA1 /* play */;
			targetProxy = 226E1C981EB2569A00C9DBA1 /* PBXContainerItemProxy */;
		};
/* End PBXTargetDependency section */

/* Begin PBXVariantGroup section */
		226E1C7F1EB2569900C9DBA1 /* Main.storyboard */ = {
			isa = PBXVariantGroup;
			children = (
				226E1C801EB2569900C9DBA1 /* Base */,
			);
			name = Main.storyboard;
			sourceTree = "<group>";
		};
		226E1C841EB2569900C9DBA1 /* LaunchScreen.storyboard */ = {
			isa = PBXVariantGroup;
			children = (
				226E1C851EB2569900C9DBA1 /* Base */,
			);
			name = LaunchScreen.storyboard;
			sourceTree = "<group>";
		};
/* End PBXVariantGroup section */

/* Begin XCBuildConfiguration section */
		226E1C9E1EB2569A00C9DBA1 /* Debug */ = {
			isa = XCBuildConfiguration;
			buildSettings = {
				ALWAYS_SEARCH_USER_PATHS = NO;
				CLANG_ANALYZER_NONNULL = YES;
				CLANG_CXX_LANGUAGE_STANDARD = "gnu++0x";
				CLANG_CXX_LIBRARY = "libc++";
				CLANG_ENABLE_MODULES = YES;
				CLANG_ENABLE_OBJC_ARC = YES;
				CLANG_WARN_BOOL_CONVERSION = YES;
				CLANG_WARN_CONSTANT_CONVERSION = YES;
				CLANG_WARN_DIRECT_OBJC_ISA_USAGE = YES_ERROR;
				CLANG_WARN_DOCUMENTATION_COMMENTS = YES;
				CLANG_WARN_EMPTY_BODY = YES;
				CLANG_WARN_ENUM_CONVERSION = YES;
				CLANG_WARN_INFINITE_RECURSION = YES;
				CLANG_WARN_INT_CONVERSION = YES;
				CLANG_WARN_OBJC_ROOT_CLASS = YES_ERROR;
				CLANG_WARN_SUSPICIOUS_MOVES = YES;
				CLANG_WARN_UNREACHABLE_CODE = YES;
				CLANG_WARN__DUPLICATE_METHOD_MATCH = YES;
				"CODE_SIGN_IDENTITY[sdk=iphoneos*]" = "iPhone Developer";
				COPY_PHASE_STRIP = NO;
				DEBUG_INFORMATION_FORMAT = dwarf;
				ENABLE_STRICT_OBJC_MSGSEND = YES;
				ENABLE_TESTABILITY = YES;
				GCC_C_LANGUAGE_STANDARD = gnu99;
				GCC_DYNAMIC_NO_PIC = NO;
				GCC_NO_COMMON_BLOCKS = YES;
				GCC_OPTIMIZATION_LEVEL = 0;
				GCC_PREPROCESSOR_DEFINITIONS = (
					"DEBUG=1",
					"$(inherited)",
				);
				GCC_WARN_64_TO_32_BIT_CONVERSION = YES;
				GCC_WARN_ABOUT_RETURN_TYPE = YES_ERROR;
				GCC_WARN_UNDECLARED_SELECTOR = YES;
				GCC_WARN_UNINITIALIZED_AUTOS = YES_AGGRESSIVE;
				GCC_WARN_UNUSED_FUNCTION = YES;
				GCC_WARN_UNUSED_VARIABLE = YES;
				IPHONEOS_DEPLOYMENT_TARGET = 10.0;
				MTL_ENABLE_DEBUG_INFO = YES;
				ONLY_ACTIVE_ARCH = YES;
				SDKROOT = iphoneos;
				SWIFT_ACTIVE_COMPILATION_CONDITIONS = DEBUG;
				SWIFT_OPTIMIZATION_LEVEL = "-Onone";
				TARGETED_DEVICE_FAMILY = "1,2";
			};
			name = Debug;
		};
		226E1C9F1EB2569A00C9DBA1 /* Release */ = {
			isa = XCBuildConfiguration;
			buildSettings = {
				ALWAYS_SEARCH_USER_PATHS = NO;
				CLANG_ANALYZER_NONNULL = YES;
				CLANG_CXX_LANGUAGE_STANDARD = "gnu++0x";
				CLANG_CXX_LIBRARY = "libc++";
				CLANG_ENABLE_MODULES = YES;
				CLANG_ENABLE_OBJC_ARC = YES;
				CLANG_WARN_BOOL_CONVERSION = YES;
				CLANG_WARN_CONSTANT_CONVERSION = YES;
				CLANG_WARN_DIRECT_OBJC_ISA_USAGE = YES_ERROR;
				CLANG_WARN_DOCUMENTATION_COMMENTS = YES;
				CLANG_WARN_EMPTY_BODY = YES;
				CLANG_WARN_ENUM_CONVERSION = YES;
				CLANG_WARN_INFINITE_RECURSION = YES;
				CLANG_WARN_INT_CONVERSION = YES;
				CLANG_WARN_OBJC_ROOT_CLASS = YES_ERROR;
				CLANG_WARN_SUSPICIOUS_MOVES = YES;
				CLANG_WARN_UNREACHABLE_CODE = YES;
				CLANG_WARN__DUPLICATE_METHOD_MATCH = YES;
				"CODE_SIGN_IDENTITY[sdk=iphoneos*]" = "iPhone Developer";
				COPY_PHASE_STRIP = NO;
				DEBUG_INFORMATION_FORMAT = "dwarf-with-dsym";
				ENABLE_NS_ASSERTIONS = NO;
				ENABLE_STRICT_OBJC_MSGSEND = YES;
				GCC_C_LANGUAGE_STANDARD = gnu99;
				GCC_NO_COMMON_BLOCKS = YES;
				GCC_WARN_64_TO_32_BIT_CONVERSION = YES;
				GCC_WARN_ABOUT_RETURN_TYPE = YES_ERROR;
				GCC_WARN_UNDECLARED_SELECTOR = YES;
				GCC_WARN_UNINITIALIZED_AUTOS = YES_AGGRESSIVE;
				GCC_WARN_UNUSED_FUNCTION = YES;
				GCC_WARN_UNUSED_VARIABLE = YES;
				IPHONEOS_DEPLOYMENT_TARGET = 10.0;
				MTL_ENABLE_DEBUG_INFO = NO;
				SDKROOT = iphoneos;
				SWIFT_OPTIMIZATION_LEVEL = "-Owholemodule";
				TARGETED_DEVICE_FAMILY = "1,2";
				VALIDATE_PRODUCT = YES;
			};
			name = Release;
		};
		226E1CA11EB2569A00C9DBA1 /* Debug */ = {
			isa = XCBuildConfiguration;
			buildSettings = {
				ASSETCATALOG_COMPILER_APPICON_NAME = AppIcon;
				DEVELOPMENT_TEAM = 2746ZMZ2QA;
				INFOPLIST_FILE = play/Info.plist;
				LD_RUNPATH_SEARCH_PATHS = "$(inherited) @executable_path/Frameworks";
				PRODUCT_BUNDLE_IDENTIFIER = com.dar.play;
				PRODUCT_NAME = "$(TARGET_NAME)";
				SWIFT_VERSION = 3.0;
			};
			name = Debug;
		};
		226E1CA21EB2569A00C9DBA1 /* Release */ = {
			isa = XCBuildConfiguration;
			buildSettings = {
				ASSETCATALOG_COMPILER_APPICON_NAME = AppIcon;
				DEVELOPMENT_TEAM = 2746ZMZ2QA;
				INFOPLIST_FILE = play/Info.plist;
				LD_RUNPATH_SEARCH_PATHS = "$(inherited) @executable_path/Frameworks";
				PRODUCT_BUNDLE_IDENTIFIER = com.dar.play;
				PRODUCT_NAME = "$(TARGET_NAME)";
				SWIFT_VERSION = 3.0;
			};
			name = Release;
		};
		226E1CA41EB2569A00C9DBA1 /* Debug */ = {
			isa = XCBuildConfiguration;
			buildSettings = {
				ALWAYS_EMBED_SWIFT_STANDARD_LIBRARIES = YES;
				BUNDLE_LOADER = "$(TEST_HOST)";
				DEVELOPMENT_TEAM = 2746ZMZ2QA;
				INFOPLIST_FILE = playTests/Info.plist;
				LD_RUNPATH_SEARCH_PATHS = "$(inherited) @executable_path/Frameworks @loader_path/Frameworks";
				PRODUCT_BUNDLE_IDENTIFIER = com.dar.playTests;
				PRODUCT_NAME = "$(TARGET_NAME)";
				SWIFT_VERSION = 3.0;
				TEST_HOST = "$(BUILT_PRODUCTS_DIR)/play.app/play";
			};
			name = Debug;
		};
		226E1CA51EB2569A00C9DBA1 /* Release */ = {
			isa = XCBuildConfiguration;
			buildSettings = {
				ALWAYS_EMBED_SWIFT_STANDARD_LIBRARIES = YES;
				BUNDLE_LOADER = "$(TEST_HOST)";
				DEVELOPMENT_TEAM = 2746ZMZ2QA;
				INFOPLIST_FILE = playTests/Info.plist;
				LD_RUNPATH_SEARCH_PATHS = "$(inherited) @executable_path/Frameworks @loader_path/Frameworks";
				PRODUCT_BUNDLE_IDENTIFIER = com.dar.playTests;
				PRODUCT_NAME = "$(TARGET_NAME)";
				SWIFT_VERSION = 3.0;
				TEST_HOST = "$(BUILT_PRODUCTS_DIR)/play.app/play";
			};
			name = Release;
		};
		226E1CA71EB2569A00C9DBA1 /* Debug */ = {
			isa = XCBuildConfiguration;
			buildSettings = {
				ALWAYS_EMBED_SWIFT_STANDARD_LIBRARIES = YES;
				DEVELOPMENT_TEAM = 2746ZMZ2QA;
				INFOPLIST_FILE = playUITests/Info.plist;
				LD_RUNPATH_SEARCH_PATHS = "$(inherited) @executable_path/Frameworks @loader_path/Frameworks";
				PRODUCT_BUNDLE_IDENTIFIER = com.dar.playUITests;
				PRODUCT_NAME = "$(TARGET_NAME)";
				SWIFT_VERSION = 3.0;
				TEST_TARGET_NAME = play;
			};
			name = Debug;
		};
		226E1CA81EB2569A00C9DBA1 /* Release */ = {
			isa = XCBuildConfiguration;
			buildSettings = {
				ALWAYS_EMBED_SWIFT_STANDARD_LIBRARIES = YES;
				DEVELOPMENT_TEAM = 2746ZMZ2QA;
				INFOPLIST_FILE = playUITests/Info.plist;
				LD_RUNPATH_SEARCH_PATHS = "$(inherited) @executable_path/Frameworks @loader_path/Frameworks";
				PRODUCT_BUNDLE_IDENTIFIER = com.dar.playUITests;
				PRODUCT_NAME = "$(TARGET_NAME)";
				SWIFT_VERSION = 3.0;
				TEST_TARGET_NAME = play;
			};
			name = Release;
		};
/* End XCBuildConfiguration section */

/* Begin XCConfigurationList section */
		226E1C731EB2569900C9DBA1 /* Build configuration list for PBXProject "play" */ = {
			isa = XCConfigurationList;
			buildConfigurations = (
				226E1C9E1EB2569A00C9DBA1 /* Debug */,
				226E1C9F1EB2569A00C9DBA1 /* Release */,
			);
			defaultConfigurationIsVisible = 0;
			defaultConfigurationName = Release;
		};
		226E1CA01EB2569A00C9DBA1 /* Build configuration list for PBXNativeTarget "play" */ = {
			isa = XCConfigurationList;
			buildConfigurations = (
				226E1CA11EB2569A00C9DBA1 /* Debug */,
				226E1CA21EB2569A00C9DBA1 /* Release */,
			);
			defaultConfigurationIsVisible = 0;
			defaultConfigurationName = Release;
		};
		226E1CA31EB2569A00C9DBA1 /* Build configuration list for PBXNativeTarget "playTests" */ = {
			isa = XCConfigurationList;
			buildConfigurations = (
				226E1CA41EB2569A00C9DBA1 /* Debug */,
				226E1CA51EB2569A00C9DBA1 /* Release */,
			);
			defaultConfigurationIsVisible = 0;
			defaultConfigurationName = Release;
		};
		226E1CA61EB2569A00C9DBA1 /* Build configuration list for PBXNativeTarget "playUITests" */ = {
			isa = XCConfigurationList;
			buildConfigurations = (
				226E1CA71EB2569A00C9DBA1 /* Debug */,
				226E1CA81EB2569A00C9DBA1 /* Release */,
			);
			defaultConfigurationIsVisible = 0;
			defaultConfigurationName = Release;
		};
/* End XCConfigurationList section */
	};
	rootObject = 226E1C701EB2569900C9DBA1 /* Project object */;
}
